---
lockfileVersion: 1
lockfileVendor: redhat
arches:
- arch: x86_64
  packages:
  - url: https://packages.redhat.com/api/pulp-content/public-hummingbird/x86_64/Packages/g/git-2.56.0-1.hum1.x86_64.rpm
    repoid: public-hummingbird-x86_64-rpms
    size: 48444
    checksum: sha256:165b40805767d8a26e30eaf7c4638cc57bd2188817f607745db7e2262d4fb733
    name: git
    evr: 2.56.0-1.hum1
    sourcerpm: git-2.56.0-1.hum1.src.rpm
  - url: https://packages.redhat.com/api/pulp-content/public-hummingbird/x86_64/Packages/g/git-core-2.56.0-1.hum1.x86_64.rpm
    repoid: public-hummingbird-x86_64-rpms
    size: 6072007
    checksum: sha256:94947858432d5cf0c896a372dbc0020f2867fc4c7f620fcfda6972163bca602d
    name: git-core
    evr: 2.56.0-1.hum1
    sourcerpm: git-2.56.0-1.hum1.src.rpm
  - url: https://packages.redhat.com/api/pulp-content/public-hummingbird/x86_64/Packages/g/git-core-doc-2.56.0-1.hum1.noarch.rpm
    repoid: public-hummingbird-x86_64-rpms
    size: 3523118
    checksum: sha256:c33ee609394af5cac45f4379bfaf127043237d261315af7072c4c47dc4a45986
    name: git-core-doc
    evr: 2.56.0-1.hum1
    sourcerpm: git-2.56.0-1.hum1.src.rpm
  - url: https://packages.redhat.com/api/pulp-content/public-hummingbird/x86_64/Packages/g/groff-base-1.24.2-1.hum1.x86_64.rpm
    repoid: public-hummingbird-x86_64-rpms
    size: 1316324
    checksum: sha256:059e1d352d823e87f6d091441dae9a90a6191b7c3ef64f4e14bb4655db52f4e2
    name: groff-base
    evr: 1.24.2-1.hum1
    sourcerpm: groff-1.24.2-1.hum1.src.rpm
  - url: https://packages.redhat.com/api/pulp-content/public-hummingbird/x86_64/Packages/l/less-710-1.hum1.x86_64.rpm
    repoid: public-hummingbird-x86_64-rpms
    size: 246163
    checksum: sha256:f994cd38ae0258df0b3f42955b4819dc99f943ef7252fb5e81ace1f36425dab7
    name: less
    evr: 710-1.hum1
    sourcerpm: less-710-1.hum1.src.rpm
  - url: https://packages.redhat.com/api/pulp-content/public-hummingbird/x86_64/Packages/l/less-color-710-1.hum1.x86_64.rpm
    repoid: public-hummingbird-x86_64-rpms
    size: 17378
    checksum: sha256:b121513946b2c8244debb4ef94483758322ed6613dffbf5378bafff3163238fc
    name: less-color
    evr: 710-1.hum1
    sourcerpm: less-710-1.hum1.src.rpm
  - url: https://packages.redhat.com/api/pulp-content/public-hummingbird/x86_64/Packages/l/libedit-3.1-60.20260512cvs.hum1.x86_64.rpm
    repoid: public-hummingbird-x86_64-rpms
    size: 119199
    checksum: sha256:90c026ce92eb6cb19808ef8e8f3a4a98f4b91778d905cfa28eb17a115ad2bd2f
    name: libedit
    evr: 3.1-60.20260512cvs.hum1
    sourcerpm: libedit-3.1-60.20260512cvs.hum1.src.rpm
  - url: https://packages.redhat.com/api/pulp-content/public-hummingbird/x86_64/Packages/n/ncurses-6.6-3.1.hum1.x86_64.rpm
    repoid: public-hummingbird-x86_64-rpms
    size: 450626
    checksum: sha256:222a4f523c8ea9e819642250c98a95b212f91f0ee09d7ced1e65cd1e534e90b0
    name: ncurses
    evr: 6.6-3.1.hum1
    sourcerpm: ncurses-6.6-3.1.hum1.src.rpm
  - url: https://packages.redhat.com/api/pulp-content/public-hummingbird/x86_64/Packages/o/openssh-10.5p1-1.hum1.x86_64.rpm
    repoid: public-hummingbird-x86_64-rpms
    size: 397811
    checksum: sha256:f006e6a72a2af121ff2ee0c04b5d82b7efd1f33419a0c5aee251ee7708d5bcf1
    name: openssh
    evr: 10.5p1-1.hum1
    sourcerpm: openssh-10.5p1-1.hum1.src.rpm
  - url: https://packages.redhat.com/api/pulp-content/public-hummingbird/x86_64/Packages/o/openssh-clients-10.5p1-1.hum1.x86_64.rpm
    repoid: public-hummingbird-x86_64-rpms
    size: 851427
    checksum: sha256:f0563de647206bcee89108c5869fa52e2ca4cd7a02073508ce5298b691eb3930
    name: openssh-clients
    evr: 10.5p1-1.hum1
    sourcerpm: openssh-10.5p1-1.hum1.src.rpm
  - url: https://packages.redhat.com/api/pulp-content/public-hummingbird/x86_64/Packages/p/perl-AutoLoader-5.74-525.1.hum1.noarch.rpm
    repoid: public-hummingbird-x86_64-rpms
    size: 27582
    checksum: sha256:840e6b487a6add37d1df6344491f1b60ccbb9cb319b9838a9ebdf21225cb5747
    name: perl-AutoLoader
    evr: 5.74-525.1.hum1
    sourcerpm: perl-5.42.2-525.1.hum1.src.rpm
  - url: https://packages.redhat.com/api/pulp-content/public-hummingbird/x86_64/Packages/p/perl-B-1.89-525.1.hum1.x86_64.rpm
    repoid: public-hummingbird-x86_64-rpms
    size: 191218
    checksum: sha256:71433f10521365e498667449b888867c8ac7a3016f5f1230110b0244f25da5a1
    name: perl-B
    evr: 1.89-525.1.hum1
    sourcerpm: perl-5.42.2-525.1.hum1.src.rpm
  - url: https://packages.redhat.com/api/pulp-content/public-hummingbird/x86_64/Packages/p/perl-Carp-1.54-527.hum1.noarch.rpm
    repoid: public-hummingbird-x86_64-rpms
    size: 35600
    checksum: sha256:4bd026982487443226a12ce6d3fda91e30569503f5384f378b88401a7d4f6658
    name: perl-Carp
    evr: 1.54-527.hum1
    sourcerpm: perl-Carp-1.54-527.hum1.src.rpm
  - url: https://packages.redhat.com/api/pulp-content/public-hummingbird/x86_64/Packages/p/perl-Class-Struct-0.68-525.1.hum1.noarch.rpm
    repoid: public-hummingbird-x86_64-rpms
    size: 28450
    checksum: sha256:3bbe1022279ad225736f2876b672f524223427ef0cab6b1cc5d422af5032e2d6
    name: perl-Class-Struct
    evr: 0.68-525.1.hum1
    sourcerpm: perl-5.42.2-525.1.hum1.src.rpm
  - url: https://packages.redhat.com/api/pulp-content/public-hummingbird/x86_64/Packages/p/perl-Data-Dumper-2.192-528.hum1.x86_64.rpm
    repoid: public-hummingbird-x86_64-rpms
    size: 63856
    checksum: sha256:c41aedda2f75a3e6cfc237afa567d85ba5f771f8204b81cb67db0c81a257015d
    name: perl-Data-Dumper
    evr: 2.192-528.hum1
    sourcerpm: perl-Data-Dumper-2.192-528.hum1.src.rpm
  - url: https://packages.redhat.com/api/pulp-content/public-hummingbird/x86_64/Packages/p/perl-Digest-1.20-527.hum1.noarch.rpm
    repoid: public-hummingbird-x86_64-rpms
    size: 31712
    checksum: sha256:19a915a6f1e5d81f253e94f37ecdce8cd44415cd465369da4c5524e801ad09f7
    name: perl-Digest
    evr: 1.20-527.hum1
    sourcerpm: perl-Digest-1.20-527.hum1.src.rpm
  - url: https://packages.redhat.com/api/pulp-content/public-hummingbird/x86_64/Packages/p/perl-Digest-MD5-2.59-527.hum1.x86_64.rpm
    repoid: public-hummingbird-x86_64-rpms
    size: 42879
    checksum: sha256:aae9e1040b841a4b65de46cf8e77d348f150cb97938501e65da37368fd90bea0
    name: perl-Digest-MD5
    evr: 2.59-527.hum1
    sourcerpm: perl-Digest-MD5-2.59-527.hum1.src.rpm
  - url: https://packages.redhat.com/api/pulp-content/public-hummingbird/x86_64/Packages/p/perl-DynaLoader-1.57-525.1.hum1.x86_64.rpm
    repoid: public-hummingbird-x86_64-rpms
    size: 32461
    checksum: sha256:b91cd3b6f5ffa2ab55fb2bdb50c9badc4bfba5685867ff877a97490b71bde782
    name: perl-DynaLoader
    evr: 1.57-525.1.hum1
    sourcerpm: perl-5.42.2-525.1.hum1.src.rpm
  - url: https://packages.redhat.com/api/pulp-content/public-hummingbird/x86_64/Packages/p/perl-Encode-3.24-527.hum1.x86_64.rpm
    repoid: public-hummingbird-x86_64-rpms
    size: 1119809
    checksum: sha256:0c562d4e6b58307b11fc38a154f890dc6f1e306701e4541053f22bff66aba99a
    name: perl-Encode
    evr: 4:3.24-527.hum1
    sourcerpm: perl-Encode-3.24-527.hum1.src.rpm
  - url: https://packages.redhat.com/api/pulp-content/public-hummingbird/x86_64/Packages/p/perl-Errno-1.38-525.1.hum1.x86_64.rpm
    repoid: public-hummingbird-x86_64-rpms
    size: 21145
    checksum: sha256:e8e2ff85ddbfda7511e5bfd8da7339a133ed574828c4da16298518b6ac4d50ed
    name: perl-Errno
    evr: 1.38-525.1.hum1
    sourcerpm: perl-5.42.2-525.1.hum1.src.rpm
  - url: https://packages.redhat.com/api/pulp-content/public-hummingbird/x86_64/Packages/p/perl-Error-0.17030-4.hum1.noarch.rpm
    repoid: public-hummingbird-x86_64-rpms
    size: 49258
    checksum: sha256:912b22d97f0b8517fa6569aae9533e75f6a86c4989663bf56a85486c687331e1
    name: perl-Error
    evr: 1:0.17030-4.hum1
    sourcerpm: perl-Error-0.17030-4.hum1.src.rpm
  - url: https://packages.redhat.com/api/pulp-content/public-hummingbird/x86_64/Packages/p/perl-Exporter-5.79-527.hum1.noarch.rpm
    repoid: public-hummingbird-x86_64-rpms
    size: 37700
    checksum: sha256:8bdb75dce02652d682dd16801743617a167e685d00464f6ae3ef0b1cbded3b2e
    name: perl-Exporter
    evr: 5.79-527.hum1
    sourcerpm: perl-Exporter-5.79-527.hum1.src.rpm
  - url: https://packages.redhat.com/api/pulp-content/public-hummingbird/x86_64/Packages/p/perl-Fcntl-1.20-525.1.hum1.x86_64.rpm
    repoid: public-hummingbird-x86_64-rpms
    size: 36299
    checksum: sha256:94b5e3ee11ce83037fbdd0a509b3e4aa61ff5311e84b7946d95a8b90172e0156
    name: perl-Fcntl
    evr: 1.20-525.1.hum1
    sourcerpm: perl-5.42.2-525.1.hum1.src.rpm
  - url: https://packages.redhat.com/api/pulp-content/public-hummingbird/x86_64/Packages/p/perl-File-Basename-2.86-525.1.hum1.noarch.rpm
    repoid: public-hummingbird-x86_64-rpms
    size: 23412
    checksum: sha256:3fbee267c90350ce5b2e6317c1c293bc76c8fedaca1ad46d00b3891ff61d21cb
    name: perl-File-Basename
    evr: 2.86-525.1.hum1
    sourcerpm: perl-5.42.2-525.1.hum1.src.rpm
  - url: https://packages.redhat.com/api/pulp-content/public-hummingbird/x86_64/Packages/p/perl-File-Path-2.18-527.hum1.noarch.rpm
    repoid: public-hummingbird-x86_64-rpms
    size: 42012
    checksum: sha256:8c97c0aad911c10449c5234fc7626d53aa007c81b3234f3cc6d0e3721b12f862
    name: perl-File-Path
    evr: 2.18-527.hum1
    sourcerpm: perl-File-Path-2.18-527.hum1.src.rpm
  - url: https://packages.redhat.com/api/pulp-content/public-hummingbird/x86_64/Packages/p/perl-File-Temp-0.231.200-527.hum1.noarch.rpm
    repoid: public-hummingbird-x86_64-rpms
    size: 67066
    checksum: sha256:7fa704f2ac494a8c95bd06ea94719576f6b2121abc47ba81a82c1316b9fe6627
    name: perl-File-Temp
    evr: 1:0.231.200-527.hum1
    sourcerpm: perl-File-Temp-0.231.200-527.hum1.src.rpm
  - url: https://packages.redhat.com/api/pulp-content/public-hummingbird/x86_64/Packages/p/perl-File-stat-1.14-525.1.hum1.noarch.rpm
    repoid: public-hummingbird-x86_64-rpms
    size: 23293
    checksum: sha256:bc514f71cf1985b415272478846627a05ae3a3078e25c451346c8a96196e34db
    name: perl-File-stat
    evr: 1.14-525.1.hum1
    sourcerpm: perl-5.42.2-525.1.hum1.src.rpm
  - url: https://packages.redhat.com/api/pulp-content/public-hummingbird/x86_64/Packages/p/perl-FileHandle-2.05-525.1.hum1.noarch.rpm
    repoid: public-hummingbird-x86_64-rpms
    size: 21702
    checksum: sha256:21ca1e76dc3c2dccbe586b9e1172052803117b6695828a9b5db53d2d9df6a1c0
    name: perl-FileHandle
    evr: 2.05-525.1.hum1
    sourcerpm: perl-5.42.2-525.1.hum1.src.rpm
  - url: https://packages.redhat.com/api/pulp-content/public-hummingbird/x86_64/Packages/p/perl-Getopt-Long-2.58-527.hum1.noarch.rpm
    repoid: public-hummingbird-x86_64-rpms
    size: 72058
    checksum: sha256:2d0b4744c90f2e4190b676bd6d842f8836a784a329822587d98c2f112c87f864
    name: perl-Getopt-Long
    evr: 1:2.58-527.hum1
    sourcerpm: perl-Getopt-Long-2.58-527.hum1.src.rpm
  - url: https://packages.redhat.com/api/pulp-content/public-hummingbird/x86_64/Packages/p/perl-Getopt-Std-1.14-525.1.hum1.noarch.rpm
    repoid: public-hummingbird-x86_64-rpms
    size: 21902
    checksum: sha256:92f1e041334e0beb842e379e9de0053009a5d5450c8639b2e674253daeb8234d
    name: perl-Getopt-Std
    evr: 1.14-525.1.hum1
    sourcerpm: perl-5.42.2-525.1.hum1.src.rpm
  - url: https://packages.redhat.com/api/pulp-content/public-hummingbird/x86_64/Packages/p/perl-Git-2.56.0-1.hum1.noarch.rpm
    repoid: public-hummingbird-x86_64-rpms
    size: 44867
    checksum: sha256:e74c1d291fff42fad441ff810d5ced0c6bf5e8e5befe7904642e3fe18e7416cf
    name: perl-Git
    evr: 2.56.0-1.hum1
    sourcerpm: git-2.56.0-1.hum1.src.rpm
  - url: https://packages.redhat.com/api/pulp-content/public-hummingbird/x86_64/Packages/p/perl-HTTP-Tiny-0.096-528.hum1.noarch.rpm
    repoid: public-hummingbird-x86_64-rpms
    size: 66103
    checksum: sha256:9733de4714cf65c36b9cd2c2eaca5f804667b18c860f8ff18edaa6dc88d04383
    name: perl-HTTP-Tiny
    evr: 0.096-528.hum1
    sourcerpm: perl-HTTP-Tiny-0.096-528.hum1.src.rpm
  - url: https://packages.redhat.com/api/pulp-content/public-hummingbird/x86_64/Packages/p/perl-IO-1.55-525.1.hum1.x86_64.rpm
    repoid: public-hummingbird-x86_64-rpms
    size: 90577
    checksum: sha256:b186cbbc0362d6fa90c147b51c361d37b13c13f05ab0c50479e09adf8747411b
    name: perl-IO
    evr: 1.55-525.1.hum1
    sourcerpm: perl-5.42.2-525.1.hum1.src.rpm
  - url: https://packages.redhat.com/api/pulp-content/public-hummingbird/x86_64/Packages/p/perl-IO-Socket-IP-0.44-528.hum1.noarch.rpm
    repoid: public-hummingbird-x86_64-rpms
    size: 49487
    checksum: sha256:31a6eb218198fa739ac3c00946a3ffef23b8090f090c6c02a1bce99f6cc88d04
    name: perl-IO-Socket-IP
    evr: 0.44-528.hum1
    sourcerpm: perl-IO-Socket-IP-0.44-528.hum1.src.rpm
  - url: https://packages.redhat.com/api/pulp-content/public-hummingbird/x86_64/Packages/p/perl-IO-Socket-SSL-2.099-2.1.hum1.noarch.rpm
    repoid: public-hummingbird-x86_64-rpms
    size: 250812
    checksum: sha256:cd9b03b2f447f01d5fcdf4bd8a471f63c1329fd89e216789ebe246884e4e27b4
    name: perl-IO-Socket-SSL
    evr: 2.099-2.1.hum1
    sourcerpm: perl-IO-Socket-SSL-2.099-2.1.hum1.src.rpm
  - url: https://packages.redhat.com/api/pulp-content/public-hummingbird/x86_64/Packages/p/perl-IPC-Open3-1.24-525.1.hum1.noarch.rpm
    repoid: public-hummingbird-x86_64-rpms
    size: 30456
    checksum: sha256:ba3b470891cb4a4c4affa9b0b94d4a9237691054f8621466d167cffc94d635db
    name: perl-IPC-Open3
    evr: 1.24-525.1.hum1
    sourcerpm: perl-5.42.2-525.1.hum1.src.rpm
  - url: https://packages.redhat.com/api/pulp-content/public-hummingbird/x86_64/Packages/p/perl-MIME-Base32-1.303-25.1.hum1.noarch.rpm
    repoid: public-hummingbird-x86_64-rpms
    size: 27454
    checksum: sha256:9ddb66af159e7368a9e3a3aebfe7c686910721faedb09bd51ee8e8d25c57f5af
    name: perl-MIME-Base32
    evr: 1.303-25.1.hum1
    sourcerpm: perl-MIME-Base32-1.303-25.1.hum1.src.rpm
  - url: https://packages.redhat.com/api/pulp-content/public-hummingbird/x86_64/Packages/p/perl-MIME-Base64-3.16-527.hum1.x86_64.rpm
    repoid: public-hummingbird-x86_64-rpms
    size: 36853
    checksum: sha256:6a2a0fb446f7ff50fde0700dba37a274e445e10f7141bc06d0b945d78a2fb3a5
    name: perl-MIME-Base64
    evr: 3.16-527.hum1
    sourcerpm: perl-MIME-Base64-3.16-527.hum1.src.rpm
  - url: https://packages.redhat.com/api/pulp-content/public-hummingbird/x86_64/Packages/p/perl-NDBM_File-1.18-525.1.hum1.x86_64.rpm
    repoid: public-hummingbird-x86_64-rpms
    size: 28900
    checksum: sha256:7bff764131f9d8824023855f44f37eeafd60b588a5aeee65656989cacb9ddba6
    name: perl-NDBM_File
    evr: 1.18-525.1.hum1
    sourcerpm: perl-5.42.2-525.1.hum1.src.rpm
  - url: https://packages.redhat.com/api/pulp-content/public-hummingbird/x86_64/Packages/p/perl-Net-SSLeay-1.96-5.1.hum1.x86_64.rpm
    repoid: public-hummingbird-x86_64-rpms
    size: 397789
    checksum: sha256:630c0b70a28b2dd6a2caa64064da7faac555723784f52523fddf8d3542d7bd4c
    name: perl-Net-SSLeay
    evr: 1.96-5.1.hum1
    sourcerpm: perl-Net-SSLeay-1.96-5.1.hum1.src.rpm
  - url: https://packages.redhat.com/api/pulp-content/public-hummingbird/x86_64/Packages/p/perl-POSIX-2.23-525.1.hum1.x86_64.rpm
    repoid: public-hummingbird-x86_64-rpms
    size: 105161
    checksum: sha256:d814bce09259f9626c028aa9a64028725b91280e5418379fb16ff7591d61cdcf
    name: perl-POSIX
    evr: 2.23-525.1.hum1
    sourcerpm: perl-5.42.2-525.1.hum1.src.rpm
  - url: https://packages.redhat.com/api/pulp-content/public-hummingbird/x86_64/Packages/p/perl-PathTools-3.95-527.hum1.x86_64.rpm
    repoid: public-hummingbird-x86_64-rpms
    size: 96093
    checksum: sha256:c4a0ab86a4cf8eaca929b0c82d353d1acf1cc9593eb3442d83efa03d575bd13b
    name: perl-PathTools
    evr: 3.95-527.hum1
    sourcerpm: perl-PathTools-3.95-527.hum1.src.rpm
  - url: https://packages.redhat.com/api/pulp-content/public-hummingbird/x86_64/Packages/p/perl-Pod-Escapes-1.07-527.hum1.noarch.rpm
    repoid: public-hummingbird-x86_64-rpms
    size: 26240
    checksum: sha256:a8477edf878ffb6d114aca7ce8878608ad138b232e4fc9d04235876d71433716
    name: perl-Pod-Escapes
    evr: 1:1.07-527.hum1
    sourcerpm: perl-Pod-Escapes-1.07-527.hum1.src.rpm
  - url: https://packages.redhat.com/api/pulp-content/public-hummingbird/x86_64/Packages/p/perl-Pod-Perldoc-3.28.01-528.hum1.noarch.rpm
    repoid: public-hummingbird-x86_64-rpms
    size: 95200
    checksum: sha256:853feb9c0af91bcb9d37a5ebc669991cb8a6fedefd1ad8983ea96d9e01ee42df
    name: perl-Pod-Perldoc
    evr: 3.28.01-528.hum1
    sourcerpm: perl-Pod-Perldoc-3.28.01-528.hum1.src.rpm
  - url: https://packages.redhat.com/api/pulp-content/public-hummingbird/x86_64/Packages/p/perl-Pod-Simple-3.48-527.hum1.noarch.rpm
    repoid: public-hummingbird-x86_64-rpms
    size: 234428
    checksum: sha256:e9d0da346f4e213179d3362ba2b1da340996152693ac23eee86acfe5a23c3e5a
    name: perl-Pod-Simple
    evr: 1:3.48-527.hum1
    sourcerpm: perl-Pod-Simple-3.48-527.hum1.src.rpm
  - url: https://packages.redhat.com/api/pulp-content/public-hummingbird/x86_64/Packages/p/perl-Pod-Usage-2.05-527.hum1.noarch.rpm
    repoid: public-hummingbird-x86_64-rpms
    size: 47612
    checksum: sha256:93e91b28f20969a3689530d6deeeaf3d685d90fbe2017b88101c4924c83230bd
    name: perl-Pod-Usage
    evr: 4:2.05-527.hum1
    sourcerpm: perl-Pod-Usage-2.05-527.hum1.src.rpm
  - url: https://packages.redhat.com/api/pulp-content/public-hummingbird/x86_64/Packages/p/perl-Scalar-List-Utils-1.70-527.hum1.x86_64.rpm
    repoid: public-hummingbird-x86_64-rpms
    size: 86257
    checksum: sha256:87bbe09d1f8577155eccd0454a39b59d5bbd8a7d21383727090a73ad3d4ffe7c
    name: perl-Scalar-List-Utils
    evr: 5:1.70-527.hum1
    sourcerpm: perl-Scalar-List-Utils-1.70-527.hum1.src.rpm
  - url: https://packages.redhat.com/api/pulp-content/public-hummingbird/x86_64/Packages/p/perl-SelectSaver-1.02-525.1.hum1.noarch.rpm
    repoid: public-hummingbird-x86_64-rpms
    size: 17832
    checksum: sha256:926855592e71d7ef82cad0a4dccce260906010a94d5bfc837ec3e52e4ef16aa1
    name: perl-SelectSaver
    evr: 1.02-525.1.hum1
    sourcerpm: perl-5.42.2-525.1.hum1.src.rpm
  - url: https://packages.redhat.com/api/pulp-content/public-hummingbird/x86_64/Packages/p/perl-Socket-2.043-1.hum1.x86_64.rpm
    repoid: public-hummingbird-x86_64-rpms
    size: 63451
    checksum: sha256:57a11fb4a37203623a0812b9e95018779f2b3f8bb345e3c80db244881a227f0d
    name: perl-Socket
    evr: 4:2.043-1.hum1
    sourcerpm: perl-Socket-2.043-1.hum1.src.rpm
  - url: https://packages.redhat.com/api/pulp-content/public-hummingbird/x86_64/Packages/p/perl-Storable-3.41-527.hum1.x86_64.rpm
    repoid: public-hummingbird-x86_64-rpms
    size: 109298
    checksum: sha256:482445fcef6f1076c089e4e2968fba411ac6d4173f34811b11fd6b8e564b72dd
    name: perl-Storable
    evr: 1:3.41-527.hum1
    sourcerpm: perl-Storable-3.41-527.hum1.src.rpm
  - url: https://packages.redhat.com/api/pulp-content/public-hummingbird/x86_64/Packages/p/perl-Symbol-1.09-525.1.hum1.noarch.rpm
    repoid: public-hummingbird-x86_64-rpms
    size: 20373
    checksum: sha256:b96e00e6c243abdf970e65a1c48b7ebd947e5ccf21b9d95ff5c97678e23abb29
    name: perl-Symbol
    evr: 1.09-525.1.hum1
    sourcerpm: perl-5.42.2-525.1.hum1.src.rpm
  - url: https://packages.redhat.com/api/pulp-content/public-hummingbird/x86_64/Packages/p/perl-Term-ANSIColor-5.01-528.hum1.noarch.rpm
    repoid: public-hummingbird-x86_64-rpms
    size: 54824
    checksum: sha256:75a2f5e488f5a29c7d978d9c80a7547b800ab629a201c5642be834a92ef20aa7
    name: perl-Term-ANSIColor
    evr: 5.01-528.hum1
    sourcerpm: perl-Term-ANSIColor-5.01-528.hum1.src.rpm
  - url: https://packages.redhat.com/api/pulp-content/public-hummingbird/x86_64/Packages/p/perl-Term-Cap-1.18-527.hum1.noarch.rpm
    repoid: public-hummingbird-x86_64-rpms
    size: 28504
    checksum: sha256:d58085c00400575b48581d6edf47db283ca9feee933872aa27d9b8cbce4bc672
    name: perl-Term-Cap
    evr: 1.18-527.hum1
    sourcerpm: perl-Term-Cap-1.18-527.hum1.src.rpm
  - url: https://packages.redhat.com/api/pulp-content/public-hummingbird/x86_64/Packages/p/perl-TermReadKey-2.38-29.hum1.x86_64.rpm
    repoid: public-hummingbird-x86_64-rpms
    size: 42585
    checksum: sha256:20ea3c00ad2195380b57d9c37e2a7d6660f06d9d392a492d4f7d53768bae8e9f
    name: perl-TermReadKey
    evr: 2.38-29.hum1
    sourcerpm: perl-TermReadKey-2.38-29.hum1.src.rpm
  - url: https://packages.redhat.com/api/pulp-content/public-hummingbird/x86_64/Packages/p/perl-Text-ParseWords-3.31-527.hum1.noarch.rpm
    repoid: public-hummingbird-x86_64-rpms
    size: 22943
    checksum: sha256:d2207a60cb1b4acba2417fa9c2713f1eb4c2df40af46f96cbd485cab65b58f8f
    name: perl-Text-ParseWords
    evr: 3.31-527.hum1
    sourcerpm: perl-Text-ParseWords-3.31-527.hum1.src.rpm
  - url: https://packages.redhat.com/api/pulp-content/public-hummingbird/x86_64/Packages/p/perl-Text-Tabs+Wrap-2024.001-527.hum1.noarch.rpm
    repoid: public-hummingbird-x86_64-rpms
    size: 28402
    checksum: sha256:fe905721b313256715d52e0204d27a56df731bd3ea99b9eeb09c6cce0bd65a19
    name: perl-Text-Tabs+Wrap
    evr: 2024.001-527.hum1
    sourcerpm: perl-Text-Tabs+Wrap-2024.001-527.hum1.src.rpm
  - url: https://packages.redhat.com/api/pulp-content/public-hummingbird/x86_64/Packages/p/perl-Time-HiRes-1.9780-527.hum1.x86_64.rpm
    repoid: public-hummingbird-x86_64-rpms
    size: 64624
    checksum: sha256:1c2b48909ac53e1a144dc00cd7f410ff08d73e2a24bb55b38a70b1d304aed9a2
    name: perl-Time-HiRes
    evr: 4:1.9780-527.hum1
    sourcerpm: perl-Time-HiRes-1.9780-527.hum1.src.rpm
  - url: https://packages.redhat.com/api/pulp-content/public-hummingbird/x86_64/Packages/p/perl-Time-Local-1.350-527.hum1.noarch.rpm
    repoid: public-hummingbird-x86_64-rpms
    size: 41348
    checksum: sha256:560d997a1f0931c3c16e9160f3fbd90ff4386d70180f41167db5da6cfe38e802
    name: perl-Time-Local
    evr: 2:1.350-527.hum1
    sourcerpm: perl-Time-Local-1.350-527.hum1.src.rpm
  - url: https://packages.redhat.com/api/pulp-content/public-hummingbird/x86_64/Packages/p/perl-URI-5.35-2.hum1.noarch.rpm
    repoid: public-hummingbird-x86_64-rpms
    size: 164299
    checksum: sha256:5f6442d6a75d639c79bcef7404a9b6435799288b01851c1318292b86083b6bf8
    name: perl-URI
    evr: 5.35-2.hum1
    sourcerpm: perl-URI-5.35-2.hum1.src.rpm
  - url: https://packages.redhat.com/api/pulp-content/public-hummingbird/x86_64/Packages/p/perl-base-2.27-525.1.hum1.noarch.rpm
    repoid: public-hummingbird-x86_64-rpms
    size: 22436
    checksum: sha256:38dd729e5a5dcba9ed30b5753dd4207239a27b3f8724a509a1e2438e23fde50a
    name: perl-base
    evr: 2.27-525.1.hum1
    sourcerpm: perl-5.42.2-525.1.hum1.src.rpm
  - url: https://packages.redhat.com/api/pulp-content/public-hummingbird/x86_64/Packages/p/perl-constant-1.33-528.hum1.noarch.rpm
    repoid: public-hummingbird-x86_64-rpms
    size: 29538
    checksum: sha256:bbadb369c6460bd3b0f8daf57f49e917238715b2a8ef5cbd94b65aa1de304c99
    name: perl-constant
    evr: 1.33-528.hum1
    sourcerpm: perl-constant-1.33-528.hum1.src.rpm
  - url: https://packages.redhat.com/api/pulp-content/public-hummingbird/x86_64/Packages/p/perl-if-0.61.000-525.1.hum1.noarch.rpm
    repoid: public-hummingbird-x86_64-rpms
    size: 20174
    checksum: sha256:631b33608b092b066ea51b2c263ad05d44faba5d0b2d24f11c4408b1f04e969f
    name: perl-if
    evr: 0.61.000-525.1.hum1
    sourcerpm: perl-5.42.2-525.1.hum1.src.rpm
  - url: https://packages.redhat.com/api/pulp-content/public-hummingbird/x86_64/Packages/p/perl-interpreter-5.42.2-525.1.hum1.x86_64.rpm
    repoid: public-hummingbird-x86_64-rpms
    size: 80061
    checksum: sha256:0d4010e83a82524d4e19f803dda75b1ede84184e79b6331bd9808ee31a043a37
    name: perl-interpreter
    evr: 4:5.42.2-525.1.hum1
    sourcerpm: perl-5.42.2-525.1.hum1.src.rpm
  - url: https://packages.redhat.com/api/pulp-content/public-hummingbird/x86_64/Packages/p/perl-lib-0.65-525.1.hum1.x86_64.rpm
    repoid: public-hummingbird-x86_64-rpms
    size: 21121
    checksum: sha256:5aac57f2ff73e616662d44436fe4ca485734dbfe77210779736b05b98db47532
    name: perl-lib
    evr: 0.65-525.1.hum1
    sourcerpm: perl-5.42.2-525.1.hum1.src.rpm
  - url: https://packages.redhat.com/api/pulp-content/public-hummingbird/x86_64/Packages/p/perl-libnet-3.15-528.hum1.noarch.rpm
    repoid: public-hummingbird-x86_64-rpms
    size: 137095
    checksum: sha256:269f02742f11104b29a4fcf3fdce74b677fb1f5d6511e68ce25daa1dbcdca77d
    name: perl-libnet
    evr: 3.15-528.hum1
    sourcerpm: perl-libnet-3.15-528.hum1.src.rpm
  - url: https://packages.redhat.com/api/pulp-content/public-hummingbird/x86_64/Packages/p/perl-libs-5.42.2-525.1.hum1.x86_64.rpm
    repoid: public-hummingbird-x86_64-rpms
    size: 2776085
    checksum: sha256:fc40c0b7bc9525f0a444d5f45a01238fd728f1627509b68397d82dd3b9e14d15
    name: perl-libs
    evr: 4:5.42.2-525.1.hum1
    sourcerpm: perl-5.42.2-525.1.hum1.src.rpm
  - url: https://packages.redhat.com/api/pulp-content/public-hummingbird/x86_64/Packages/p/perl-locale-1.13-525.1.hum1.noarch.rpm
    repoid: public-hummingbird-x86_64-rpms
    size: 19654
    checksum: sha256:746294269dcfb5895f5a2774caeb725da012213c9288ca1f82fa1f7a5aac2d76
    name: perl-locale
    evr: 1.13-525.1.hum1
    sourcerpm: perl-5.42.2-525.1.hum1.src.rpm
  - url: https://packages.redhat.com/api/pulp-content/public-hummingbird/x86_64/Packages/p/perl-mro-1.29-525.1.hum1.x86_64.rpm
    repoid: public-hummingbird-x86_64-rpms
    size: 36372
    checksum: sha256:cb938fc427555b844bd923605e6ae4a4f6e9ae4b767884e9d357878da61dd8d4
    name: perl-mro
    evr: 1.29-525.1.hum1
    sourcerpm: perl-5.42.2-525.1.hum1.src.rpm
  - url: https://packages.redhat.com/api/pulp-content/public-hummingbird/x86_64/Packages/p/perl-overload-1.40-525.1.hum1.noarch.rpm
    repoid: public-hummingbird-x86_64-rpms
    size: 52479
    checksum: sha256:7efccc3da9613afceefe71b811e1664c4c907ea6c1907e76ff8f281803902e21
    name: perl-overload
    evr: 1.40-525.1.hum1
    sourcerpm: perl-5.42.2-525.1.hum1.src.rpm
  - url: https://packages.redhat.com/api/pulp-content/public-hummingbird/x86_64/Packages/p/perl-overloading-0.02-525.1.hum1.noarch.rpm
    repoid: public-hummingbird-x86_64-rpms
    size: 19039
    checksum: sha256:e5628b025e588ec5804b7e8ebd41af6b11aed5eeb2555891fbc6f62a5ea4e9b2
    name: perl-overloading
    evr: 0.02-525.1.hum1
    sourcerpm: perl-5.42.2-525.1.hum1.src.rpm
  - url: https://packages.redhat.com/api/pulp-content/public-hummingbird/x86_64/Packages/p/perl-parent-0.244-527.hum1.noarch.rpm
    repoid: public-hummingbird-x86_64-rpms
    size: 21311
    checksum: sha256:cc09dc99d6673fb69bd24efe4ca546d80894677d4b5341ec069f329e554aa46d
    name: perl-parent
    evr: 1:0.244-527.hum1
    sourcerpm: perl-parent-0.244-527.hum1.src.rpm
  - url: https://packages.redhat.com/api/pulp-content/public-hummingbird/x86_64/Packages/p/perl-podlators-6.1.1-1.hum1.noarch.rpm
    repoid: public-hummingbird-x86_64-rpms
    size: 140694
    checksum: sha256:c89066c052bbc6ef462242b9ed7500555aeefdf84d9aa9521e28b324049a875a
    name: perl-podlators
    evr: 1:6.1.1-1.hum1
    sourcerpm: perl-podlators-6.1.1-1.hum1.src.rpm
  - url: https://packages.redhat.com/api/pulp-content/public-hummingbird/x86_64/Packages/p/perl-vars-1.05-525.1.hum1.noarch.rpm
    repoid: public-hummingbird-x86_64-rpms
    size: 19126
    checksum: sha256:48e0afb904aacb3e9c519e68807c901c93526ce1e2204ada59d5d07c5f5c60f2
    name: perl-vars
    evr: 1.05-525.1.hum1
    sourcerpm: perl-5.42.2-525.1.hum1.src.rpm
  - url: https://packages.redhat.com/api/pulp-content/public-hummingbird/x86_64/Packages/u/unzip-6.0-71.hum1.x86_64.rpm
    repoid: public-hummingbird-x86_64-rpms
    size: 212951
    checksum: sha256:be2e66ffd7bff83fea6e3793bfda0a926deb6cd1e04ecf58d094ec9f74c57f74
    name: unzip
    evr: 6.0-71.hum1
    sourcerpm: unzip-6.0-71.hum1.src.rpm
  source: []
  module_metadata: []
